<?xml version="1.0" encoding="utf-8"?>
<Project ToolsVersion="4.0" xmlns="http://schemas.microsoft.com/developer/msbuild/2003">
  <ItemGroup>
    <Filter Include="소스 파일">
      <UniqueIdentifier>{4FC737F1-C7A5-4376-A066-2A32D752A2FF}</UniqueIdentifier>
      <Extensions>cpp;c;cc;cxx;def;odl;idl;hpj;bat;asm;asmx</Extensions>
    </Filter>
    <Filter Include="헤더 파일">
      <UniqueIdentifier>{93995380-89BD-4b04-88EB-625FBE52EBFB}</UniqueIdentifier>
      <Extensions>h;hh;hpp;hxx;hm;inl;inc;xsd</Extensions>
    </Filter>
  </ItemGroup>
  <ItemGroup>
    <ClCompile Include="scoring-table.cpp">
      <Filter>소스 파일</Filter>
    </ClCompile>
    <ClCompile Include="player-hand.cpp">
      <Filter>소스 파일</Filter>
    </ClCompile>
    <ClCompile Include="tile-holder.cpp">
      <Filter>소스 파일</Filter>
    </ClCompile>
    <ClCompile Include="tile-functor.cpp">
      <Filter>소스 파일</Filter>
    </ClCompile>
    <ClCompile Include="wining-state.cpp">
      <Filter>소스 파일</Filter>
    </ClCompile>
    <ClCompile Include="minipoint-counter.cpp">
      <Filter>소스 파일</Filter>
    </ClCompile>
    <ClCompile Include="meld.cpp">
      <Filter>소스 파일</Filter>
    </ClCompile>
    <ClCompile Include="pair.cpp">
      <Filter>소스 파일</Filter>
    </ClCompile>
    <ClCompile Include="state-recognizer.cpp">
      <Filter>소스 파일</Filter>
    </ClCompile>
    <ClCompile Include="seven-pairs-recognizer.cpp">
      <Filter>소스 파일</Filter>
    </ClCompile>
    <ClCompile Include="no-points-hand-recognizer.cpp">
      <Filter>소스 파일</Filter>
    </ClCompile>
    <ClCompile Include="identical-sequences-recognizer.cpp">
      <Filter>소스 파일</Filter>
    </ClCompile>
    <ClCompile Include="value-tiles-recognizer.cpp">
      <Filter>소스 파일</Filter>
    </ClCompile>
    <ClCompile Include="straight-recognizer.cpp">
      <Filter>소스 파일</Filter>
    </ClCompile>
    <ClCompile Include="triplets-or-quads-recognizer.cpp">
      <Filter>소스 파일</Filter>
    </ClCompile>
    <ClCompile Include="three-colour-triplets-recognizer.cpp">
      <Filter>소스 파일</Filter>
    </ClCompile>
    <ClCompile Include="terminal-or-honor-recognizer.cpp">
      <Filter>소스 파일</Filter>
    </ClCompile>
    <ClCompile Include="dragons-recognizer.cpp">
      <Filter>소스 파일</Filter>
    </ClCompile>
    <ClCompile Include="flush-recognizer.cpp">
      <Filter>소스 파일</Filter>
    </ClCompile>
    <ClCompile Include="wining-hand-collator.cpp">
      <Filter>소스 파일</Filter>
    </ClCompile>
    <ClCompile Include="doubling-factor-counter.cpp">
      <Filter>소스 파일</Filter>
    </ClCompile>
    <ClCompile Include="pattern-computer.cpp">
      <Filter>소스 파일</Filter>
    </ClCompile>
    <ClCompile Include="pattern-recognizer.cpp">
      <Filter>소스 파일</Filter>
    </ClCompile>
    <ClCompile Include="pattern-functor.cpp">
      <Filter>소스 파일</Filter>
    </ClCompile>
    <ClCompile Include="winds-recognizer.cpp">
      <Filter>소스 파일</Filter>
    </ClCompile>
    <ClCompile Include="all-green-recognizer.cpp">
      <Filter>소스 파일</Filter>
    </ClCompile>
    <ClCompile Include="doubling-factor-table.cpp">
      <Filter>소스 파일</Filter>
    </ClCompile>
  </ItemGroup>
  <ItemGroup>
    <ClInclude Include="scoring-table.h">
      <Filter>헤더 파일</Filter>
    </ClInclude>
    <ClInclude Include="player-hand.h">
      <Filter>헤더 파일</Filter>
    </ClInclude>
    <ClInclude Include="tile-define.h">
      <Filter>헤더 파일</Filter>
    </ClInclude>
    <ClInclude Include="tile-holder.h">
      <Filter>헤더 파일</Filter>
    </ClInclude>
    <ClInclude Include="tile-functor.h">
      <Filter>헤더 파일</Filter>
    </ClInclude>
    <ClInclude Include="wining-state.h">
      <Filter>헤더 파일</Filter>
    </ClInclude>
    <ClInclude Include="minipoint-counter.h">
      <Filter>헤더 파일</Filter>
    </ClInclude>
    <ClInclude Include="meld.h">
      <Filter>헤더 파일</Filter>
    </ClInclude>
    <ClInclude Include="pair.h">
      <Filter>헤더 파일</Filter>
    </ClInclude>
    <ClInclude Include="wining-hand.h">
      <Filter>헤더 파일</Filter>
    </ClInclude>
    <ClInclude Include="state-recognizer.h">
      <Filter>헤더 파일</Filter>
    </ClInclude>
    <ClInclude Include="pattern-define.h">
      <Filter>헤더 파일</Filter>
    </ClInclude>
    <ClInclude Include="seven-pairs-recognizer.h">
      <Filter>헤더 파일</Filter>
    </ClInclude>
    <ClInclude Include="no-points-hand-recognizer.h">
      <Filter>헤더 파일</Filter>
    </ClInclude>
    <ClInclude Include="identical-sequences-recognizer.h">
      <Filter>헤더 파일</Filter>
    </ClInclude>
    <ClInclude Include="value-tiles-recognizer.h">
      <Filter>헤더 파일</Filter>
    </ClInclude>
    <ClInclude Include="straight-recognizer.h">
      <Filter>헤더 파일</Filter>
    </ClInclude>
    <ClInclude Include="triplets-or-quads-recognizer.h">
      <Filter>헤더 파일</Filter>
    </ClInclude>
    <ClInclude Include="three-colour-triplets-recognizer.h">
      <Filter>헤더 파일</Filter>
    </ClInclude>
    <ClInclude Include="terminal-or-honor-recognizer.h">
      <Filter>헤더 파일</Filter>
    </ClInclude>
    <ClInclude Include="dragons-recognizer.h">
      <Filter>헤더 파일</Filter>
    </ClInclude>
    <ClInclude Include="flush-recognizer.h">
      <Filter>헤더 파일</Filter>
    </ClInclude>
    <ClInclude Include="wining-hand-collator.h">
      <Filter>헤더 파일</Filter>
    </ClInclude>
    <ClInclude Include="doubling-factor-report.h">
      <Filter>헤더 파일</Filter>
    </ClInclude>
    <ClInclude Include="doubling-factor-counter.h">
      <Filter>헤더 파일</Filter>
    </ClInclude>
    <ClInclude Include="pattern-computer.h">
      <Filter>헤더 파일</Filter>
    </ClInclude>
    <ClInclude Include="pattern-recognizer.h">
      <Filter>헤더 파일</Filter>
    </ClInclude>
    <ClInclude Include="pattern-functor.h">
      <Filter>헤더 파일</Filter>
    </ClInclude>
    <ClInclude Include="winds-recognizer.h">
      <Filter>헤더 파일</Filter>
    </ClInclude>
    <ClInclude Include="all-green-recognizer.h">
      <Filter>헤더 파일</Filter>
    </ClInclude>
    <ClInclude Include="doubling-factor-table.h">
      <Filter>헤더 파일</Filter>
    </ClInclude>
  </ItemGroup>
</Project>